<?xml version="1.0" encoding="utf-8"?>
<Project ToolsVersion="4.0" xmlns="http://schemas.microsoft.com/developer/msbuild/2003">
  <ItemGroup>
    <ClCompile Include="src\main.cpp">
      <Filter>src</Filter>
    </ClCompile>
    <ClCompile Include="src\testApp.cpp">
      <Filter>src</Filter>
    </ClCompile>
    <ClCompile Include="..\..\..\addons\ofxFX\src\ofxFXObject.cpp">
      <Filter>addons\ofxFX\src</Filter>
    </ClCompile>
  </ItemGroup>
  <ItemGroup>
    <Filter Include="src">
      <UniqueIdentifier>{d8376475-7454-4a24-b08a-aac121d3ad6f}</UniqueIdentifier>
    </Filter>
    <Filter Include="addons">
      <UniqueIdentifier>{71834F65-F3A9-211E-73B8-DC85}</UniqueIdentifier>
    </Filter>
    <Filter Include="addons\ofxFX">
      <UniqueIdentifier>{54067F17-D691-C8D5-A60C-8B15}</UniqueIdentifier>
    </Filter>
    <Filter Include="addons\ofxFX\src">
      <UniqueIdentifier>{97D4701D-86BD-D02B-CE02-0C34}</UniqueIdentifier>
    </Filter>
    <Filter Include="addons\ofxFX\src\composers">
      <UniqueIdentifier>{4C3B9E56-1307-1B87-A0CC-CAA5}</UniqueIdentifier>
    </Filter>
    <Filter Include="addons\ofxFX\src\filters">
      <UniqueIdentifier>{EEFEFA5B-9FF5-F358-2F4A-BC5A}</UniqueIdentifier>
    </Filter>
    <Filter Include="addons\ofxFX\src\generative">
      <UniqueIdentifier>{47CDF68F-3CB9-C2A3-96DC-EE22}</UniqueIdentifier>
    </Filter>
    <Filter Include="addons\ofxFX\src\operations">
      <UniqueIdentifier>{98E7BD88-03E0-D5B4-C028-9281}</UniqueIdentifier>
    </Filter>
  </ItemGroup>
  <ItemGroup>
    <ClInclude Include="src\testApp.h">
      <Filter>src</Filter>
    </ClInclude>
    <ClInclude Include="..\..\..\addons\ofxFX\src\composers\ofxBlend.h">
      <Filter>addons\ofxFX\src\composers</Filter>
    </ClInclude>
    <ClInclude Include="..\..\..\addons\ofxFX\src\composers\ofxClone.h">
      <Filter>addons\ofxFX\src\composers</Filter>
    </ClInclude>
    <ClInclude Include="..\..\..\addons\ofxFX\src\composers\ofxMask.h">
      <Filter>addons\ofxFX\src\composers</Filter>
    </ClInclude>
    <ClInclude Include="..\..\..\addons\ofxFX\src\composers\ofxMultiTexture.h">
      <Filter>addons\ofxFX\src\composers</Filter>
    </ClInclude>
    <ClInclude Include="..\..\..\addons\ofxFX\src\filters\ofxBarrelChromaAb.h">
      <Filter>addons\ofxFX\src\filters</Filter>
    </ClInclude>
    <ClInclude Include="..\..\..\addons\ofxFX\src\filters\ofxBloom.h">
      <Filter>addons\ofxFX\src\filters</Filter>
    </ClInclude>
    <ClInclude Include="..\..\..\addons\ofxFX\src\filters\ofxBlur.h">
      <Filter>addons\ofxFX\src\filters</Filter>
    </ClInclude>
    <ClInclude Include="..\..\..\addons\ofxFX\src\filters\ofxBokeh.h">
      <Filter>addons\ofxFX\src\filters</Filter>
    </ClInclude>
    <ClInclude Include="..\..\..\addons\ofxFX\src\filters\ofxChromaAb.h">
      <Filter>addons\ofxFX\src\filters</Filter>
    </ClInclude>
    <ClInclude Include="..\..\..\addons\ofxFX\src\filters\ofxChromaGlitch.h">
      <Filter>addons\ofxFX\src\filters</Filter>
    </ClInclude>
    <ClInclude Include="..\..\..\addons\ofxFX\src\filters\ofxContrast.h">
      <Filter>addons\ofxFX\src\filters</Filter>
    </ClInclude>
    <ClInclude Include="..\..\..\addons\ofxFX\src\filters\ofxGaussianBlur.h">
      <Filter>addons\ofxFX\src\filters</Filter>
    </ClInclude>
    <ClInclude Include="..\..\..\addons\ofxFX\src\filters\ofxGlow.h">
      <Filter>addons\ofxFX\src\filters</Filter>
    </ClInclude>
    <ClInclude Include="..\..\..\addons\ofxFX\src\filters\ofxGrayscale.h">
      <Filter>addons\ofxFX\src\filters</Filter>
    </ClInclude>
    <ClInclude Include="..\..\..\addons\ofxFX\src\filters\ofxInverse.h">
      <Filter>addons\ofxFX\src\filters</Filter>
    </ClInclude>
    <ClInclude Include="..\..\..\addons\ofxFX\src\filters\ofxLUT.h">
      <Filter>addons\ofxFX\src\filters</Filter>
    </ClInclude>
    <ClInclude Include="..\..\..\addons\ofxFX\src\filters\ofxMedian.h">
      <Filter>addons\ofxFX\src\filters</Filter>
    </ClInclude>
    <ClInclude Include="..\..\..\addons\ofxFX\src\filters\ofxOldTv.h">
      <Filter>addons\ofxFX\src\filters</Filter>
    </ClInclude>
    <ClInclude Include="..\..\..\addons\ofxFX\src\generative\ofxFBM.h">
      <Filter>addons\ofxFX\src\generative</Filter>
    </ClInclude>
    <ClInclude Include="..\..\..\addons\ofxFX\src\generative\ofxFire.h">
      <Filter>addons\ofxFX\src\generative</Filter>
    </ClInclude>
    <ClInclude Include="..\..\..\addons\ofxFX\src\generative\ofxGrayScott.h">
      <Filter>addons\ofxFX\src\generative</Filter>
    </ClInclude>
    <ClInclude Include="..\..\..\addons\ofxFX\src\generative\ofxNoise.h">
      <Filter>addons\ofxFX\src\generative</Filter>
    </ClInclude>
    <ClInclude Include="..\..\..\addons\ofxFX\src\generative\ofxTint.h">
      <Filter>addons\ofxFX\src\generative</Filter>
    </ClInclude>
    <ClInclude Include="..\..\..\addons\ofxFX\src\ofxFX.h">
      <Filter>addons\ofxFX\src</Filter>
    </ClInclude>
    <ClInclude Include="..\..\..\addons\ofxFX\src\ofxFXObject.h">
      <Filter>addons\ofxFX\src</Filter>
    </ClInclude>
    <ClInclude Include="..\..\..\addons\ofxFX\src\ofxSwapBuffer.h">
      <Filter>addons\ofxFX\src</Filter>
    </ClInclude>
    <ClInclude Include="..\..\..\addons\ofxFX\src\operations\ofxAbsDiff.h">
      <Filter>addons\ofxFX\src\operations</Filter>
    </ClInclude>
    <ClInclude Include="..\..\..\addons\ofxFX\src\operations\ofxBounce.h">
      <Filter>addons\ofxFX\src\operations</Filter>
    </ClInclude>
    <ClInclude Include="..\..\..\addons\ofxFX\src\operations\ofxDisplacePixels.h">
      <Filter>addons\ofxFX\src\operations</Filter>
    </ClInclude>
    <ClInclude Include="..\..\..\addons\ofxFX\src\operations\ofxEdgeDetect.h">
      <Filter>addons\ofxFX\src\operations</Filter>
    </ClInclude>
    <ClInclude Include="..\..\..\addons\ofxFX\src\operations\ofxFlow.h">
      <Filter>addons\ofxFX\src\operations</Filter>
    </ClInclude>
    <ClInclude Include="..\..\..\addons\ofxFX\src\operations\ofxNormals.h">
      <Filter>addons\ofxFX\src\operations</Filter>
    </ClInclude>
    <ClInclude Include="..\..\..\addons\ofxFX\src\operations\ofxRipples.h">
      <Filter>addons\ofxFX\src\operations</Filter>
    </ClInclude>
    <ClInclude Include="..\..\..\addons\ofxFX\src\operations\ofxSubstract.h">
      <Filter>addons\ofxFX\src\operations</Filter>
    </ClInclude>
    <ClInclude Include="..\..\..\addons\ofxFX\src\operations\ofxThreshold.h">
      <Filter>addons\ofxFX\src\operations</Filter>
    </ClInclude>
  </ItemGroup>
  <ItemGroup>
    <ResourceCompile Include="icon.rc" />
  </ItemGroup>
</Project>